
Microsoft Visual Studio Solution File, Format Version 12.00
# Visual Studio 14
VisualStudioVersion = 14.0.23107.0
MinimumVisualStudioVersion = 10.0.40219.1
Project("{FAE04EC0-301F-11D3-BF4B-00C04F79EFBC}") = "dumbo.WinUI", "src\app\dumbo.WinUI\dumbo.WinUI.csproj", "{1C2C6C8C-0337-426D-BA4E-3FFD6C81A32E}"
EndProject
Project("{FAE04EC0-301F-11D3-BF4B-00C04F79EFBC}") = "dumbo.WpfApp", "src\app\dumbo.WpfApp\dumbo.WpfApp.csproj", "{B582EAE1-A9A9-4ACE-97F8-7F6CCC3197F2}"
EndProject
Project("{FAE04EC0-301F-11D3-BF4B-00C04F79EFBC}") = "dumbo.Compiler", "src\app\dumbo.Compiler\dumbo.Compiler.csproj", "{DE2710CE-0479-4C06-BA25-3ADD2A3DD203}"
EndProject
Project("{FAE04EC0-301F-11D3-BF4B-00C04F79EFBC}") = "dumbo.Tests", "src\test\dumbo.Tests\dumbo.Tests.csproj", "{34085617-ED22-4CD1-ADE5-EB522C449B6B}"
EndProject
Global
	GlobalSection(SolutionConfigurationPlatforms) = preSolution
		Debug|Any CPU = Debug|Any CPU
		Release|Any CPU = Release|Any CPU
	EndGlobalSection
	GlobalSection(ProjectConfigurationPlatforms) = postSolution
		{1C2C6C8C-0337-426D-BA4E-3FFD6C81A32E}.Debug|Any CPU.ActiveCfg = Debug|Any CPU
		{1C2C6C8C-0337-426D-BA4E-3FFD6C81A32E}.Debug|Any CPU.Build.0 = Debug|Any CPU
		{1C2C6C8C-0337-426D-BA4E-3FFD6C81A32E}.Release|Any CPU.ActiveCfg = Release|Any CPU
		{1C2C6C8C-0337-426D-BA4E-3FFD6C81A32E}.Release|Any CPU.Build.0 = Release|Any CPU
		{B582EAE1-A9A9-4ACE-97F8-7F6CCC3197F2}.Debug|Any CPU.ActiveCfg = Debug|Any CPU
		{B582EAE1-A9A9-4ACE-97F8-7F6CCC3197F2}.Debug|Any CPU.Build.0 = Debug|Any CPU
		{B582EAE1-A9A9-4ACE-97F8-7F6CCC3197F2}.Release|Any CPU.ActiveCfg = Release|Any CPU
		{B582EAE1-A9A9-4ACE-97F8-7F6CCC3197F2}.Release|Any CPU.Build.0 = Release|Any CPU
		{DE2710CE-0479-4C06-BA25-3ADD2A3DD203}.Debug|Any CPU.ActiveCfg = Debug|Any CPU
		{DE2710CE-0479-4C06-BA25-3ADD2A3DD203}.Debug|Any CPU.Build.0 = Debug|Any CPU
		{DE2710CE-0479-4C06-BA25-3ADD2A3DD203}.Release|Any CPU.ActiveCfg = Release|Any CPU
		{DE2710CE-0479-4C06-BA25-3ADD2A3DD203}.Release|Any CPU.Build.0 = Release|Any CPU
		{34085617-ED22-4CD1-ADE5-EB522C449B6B}.Debug|Any CPU.ActiveCfg = Debug|Any CPU
		{34085617-ED22-4CD1-ADE5-EB522C449B6B}.Debug|Any CPU.Build.0 = Debug|Any CPU
		{34085617-ED22-4CD1-ADE5-EB522C449B6B}.Release|Any CPU.ActiveCfg = Release|Any CPU
		{34085617-ED22-4CD1-ADE5-EB522C449B6B}.Release|Any CPU.Build.0 = Release|Any CPU
	EndGlobalSection
	GlobalSection(SolutionProperties) = preSolution
		HideSolutionNode = FALSE
	EndGlobalSection
EndGlobal
